# This file is automatically @generated by Cargo.
# It is not intended for manual editing.
version = 4

[[package]]
name = "rusty_xml"
version = "0.1.0"
dependencies = [
 "rusty_xml-parser",
 "rusty_xml-reader",
 "rusty_xml-sax",
 "rusty_xml-tree",
 "rusty_xml-valid",
 "rusty_xml-writer",
 "rusty_xml-xpath",
]

[[package]]
name = "rusty_xml-alloc"
version = "0.1.0"

[[package]]
name = "rusty_xml-bench"
version = "0.1.0"
dependencies = [
 "rusty_xml",
]

[[package]]
name = "rusty_xml-c-abi"
version = "0.1.0"

[[package]]
name = "rusty_xml-cli"
version = "0.1.0"
dependencies = [
 "rusty_xml",
]

[[package]]
name = "rusty_xml-parser"
version = "0.1.0"
dependencies = [
 "rusty_xml-sax",
 "rusty_xml-tree",
]

[[package]]
name = "rusty_xml-reader"
version = "0.1.0"
dependencies = [
 "rusty_xml-parser",
 "rusty_xml-tree",
]

[[package]]
name = "rusty_xml-sax"
version = "0.1.0"

[[package]]
name = "rusty_xml-tree"
version = "0.1.0"

[[package]]
name = "rusty_xml-valid"
version = "0.1.0"
dependencies = [
 "rusty_xml-parser",
 "rusty_xml-tree",
 "rusty_xml-xpath",
]

[[package]]
name = "rusty_xml-writer"
version = "0.1.0"
dependencies = [
 "rusty_xml-tree",
]

[[package]]
name = "rusty_xml-xpath"
version = "0.1.0"
dependencies = [
 "rusty_xml-tree",
]
